dependencies:
- name: kube-prometheus-stack
  repository: https://prometheus-community.github.io/helm-charts
  version: 43.1.4
- name: loki
  repository: https://grafana.github.io/helm-charts
  version: 6.26.0
- name: promtail
  repository: https://grafana.github.io/helm-charts
  version: 3.6.0
digest: sha256:4848516b3941c293826ad37a834577bf769cab0ca1d78f22b46f81f0d5558c08
generated: "2025-02-12T15:43:48.966631331Z"
